
Microsoft Visual Studio Solution File, Format Version 12.00
# Visual Studio Version 16
VisualStudioVersion = 16.0.30611.23
MinimumVisualStudioVersion = 10.0.40219.1
Project("{FAE04EC0-301F-11D3-BF4B-00C04F79EFBC}") = "ConsoleApp8", "ConsoleApp8\ConsoleApp8.csproj", "{6829ABA2-A407-4D9E-894B-1C8F9D7235A2}"
EndProject
Project("{FAE04EC0-301F-11D3-BF4B-00C04F79EFBC}") = "ConsoleApp1", "ConsoleApp1\ConsoleApp1.csproj", "{66D1E3AE-E476-411A-8E8B-C88129FF0E90}"
EndProject
Global
	GlobalSection(SolutionConfigurationPlatforms) = preSolution
		Debug|Any CPU = Debug|Any CPU
		Release|Any CPU = Release|Any CPU
	EndGlobalSection
	GlobalSection(ProjectConfigurationPlatforms) = postSolution
		{6829ABA2-A407-4D9E-894B-1C8F9D7235A2}.Debug|Any CPU.ActiveCfg = Debug|Any CPU
		{6829ABA2-A407-4D9E-894B-1C8F9D7235A2}.Debug|Any CPU.Build.0 = Debug|Any CPU
		{6829ABA2-A407-4D9E-894B-1C8F9D7235A2}.Release|Any CPU.ActiveCfg = Release|Any CPU
		{6829ABA2-A407-4D9E-894B-1C8F9D7235A2}.Release|Any CPU.Build.0 = Release|Any CPU
		{66D1E3AE-E476-411A-8E8B-C88129FF0E90}.Debug|Any CPU.ActiveCfg = Debug|Any CPU
		{66D1E3AE-E476-411A-8E8B-C88129FF0E90}.Debug|Any CPU.Build.0 = Debug|Any CPU
		{66D1E3AE-E476-411A-8E8B-C88129FF0E90}.Release|Any CPU.ActiveCfg = Release|Any CPU
		{66D1E3AE-E476-411A-8E8B-C88129FF0E90}.Release|Any CPU.Build.0 = Release|Any CPU
	EndGlobalSection
	GlobalSection(SolutionProperties) = preSolution
		HideSolutionNode = FALSE
	EndGlobalSection
	GlobalSection(ExtensibilityGlobals) = postSolution
		SolutionGuid = {97BF2ED6-8B0A-4F45-9C5F-F3E34C799B15}
	EndGlobalSection
EndGlobal
