
Microsoft Visual Studio Solution File, Format Version 12.00
# Visual Studio Version 16
VisualStudioVersion = 16.0.30611.23
MinimumVisualStudioVersion = 10.0.40219.1
Project("{9A19103F-16F7-4668-BE54-9A1E7A4F7556}") = "ConsoleApp4", "ConsoleApp4\ConsoleApp4.csproj", "{6FD086F1-F899-4402-B4BF-970DDEF9D82E}"
EndProject
Project("{9A19103F-16F7-4668-BE54-9A1E7A4F7556}") = "ConsoleApp1", "ConsoleApp1\ConsoleApp1.csproj", "{CCE9ADBC-7A8A-40D0-9B1F-FE8DEB108823}"
EndProject
Project("{9A19103F-16F7-4668-BE54-9A1E7A4F7556}") = "ConsoleApp2", "ConsoleApp2\ConsoleApp2.csproj", "{8F705502-1C30-4512-B06B-F090EC065DBE}"
EndProject
Project("{9A19103F-16F7-4668-BE54-9A1E7A4F7556}") = "ConsoleApp3", "ConsoleApp3\ConsoleApp3.csproj", "{EDE94DEF-FDDE-4DCC-8250-C68658B9F726}"
EndProject
Project("{9A19103F-16F7-4668-BE54-9A1E7A4F7556}") = "ConsoleApp5", "ConsoleApp5\ConsoleApp5.csproj", "{1E1EA9A7-B9BB-46EE-8FCC-1838C28FE8AC}"
EndProject
Project("{9A19103F-16F7-4668-BE54-9A1E7A4F7556}") = "ConsoleApp6", "ConsoleApp6\ConsoleApp6.csproj", "{51FBDED6-29A2-49BD-833E-6694D62E8295}"
EndProject
Project("{9A19103F-16F7-4668-BE54-9A1E7A4F7556}") = "ConsoleApp7", "ConsoleApp7\ConsoleApp7.csproj", "{68AA9B81-33D5-43C6-B611-6A6262F8CBB1}"
EndProject
Project("{FAE04EC0-301F-11D3-BF4B-00C04F79EFBC}") = "ConsoleApp8", "ConsoleApp8\ConsoleApp8.csproj", "{6A2732E4-1C31-42DA-80A5-A0E55AC99DF0}"
EndProject
Global
	GlobalSection(SolutionConfigurationPlatforms) = preSolution
		Debug|Any CPU = Debug|Any CPU
		Release|Any CPU = Release|Any CPU
	EndGlobalSection
	GlobalSection(ProjectConfigurationPlatforms) = postSolution
		{6FD086F1-F899-4402-B4BF-970DDEF9D82E}.Debug|Any CPU.ActiveCfg = Debug|Any CPU
		{6FD086F1-F899-4402-B4BF-970DDEF9D82E}.Debug|Any CPU.Build.0 = Debug|Any CPU
		{6FD086F1-F899-4402-B4BF-970DDEF9D82E}.Release|Any CPU.ActiveCfg = Release|Any CPU
		{6FD086F1-F899-4402-B4BF-970DDEF9D82E}.Release|Any CPU.Build.0 = Release|Any CPU
		{CCE9ADBC-7A8A-40D0-9B1F-FE8DEB108823}.Debug|Any CPU.ActiveCfg = Debug|Any CPU
		{CCE9ADBC-7A8A-40D0-9B1F-FE8DEB108823}.Debug|Any CPU.Build.0 = Debug|Any CPU
		{CCE9ADBC-7A8A-40D0-9B1F-FE8DEB108823}.Release|Any CPU.ActiveCfg = Release|Any CPU
		{CCE9ADBC-7A8A-40D0-9B1F-FE8DEB108823}.Release|Any CPU.Build.0 = Release|Any CPU
		{8F705502-1C30-4512-B06B-F090EC065DBE}.Debug|Any CPU.ActiveCfg = Debug|Any CPU
		{8F705502-1C30-4512-B06B-F090EC065DBE}.Debug|Any CPU.Build.0 = Debug|Any CPU
		{8F705502-1C30-4512-B06B-F090EC065DBE}.Release|Any CPU.ActiveCfg = Release|Any CPU
		{8F705502-1C30-4512-B06B-F090EC065DBE}.Release|Any CPU.Build.0 = Release|Any CPU
		{EDE94DEF-FDDE-4DCC-8250-C68658B9F726}.Debug|Any CPU.ActiveCfg = Debug|Any CPU
		{EDE94DEF-FDDE-4DCC-8250-C68658B9F726}.Debug|Any CPU.Build.0 = Debug|Any CPU
		{EDE94DEF-FDDE-4DCC-8250-C68658B9F726}.Release|Any CPU.ActiveCfg = Release|Any CPU
		{EDE94DEF-FDDE-4DCC-8250-C68658B9F726}.Release|Any CPU.Build.0 = Release|Any CPU
		{1E1EA9A7-B9BB-46EE-8FCC-1838C28FE8AC}.Debug|Any CPU.ActiveCfg = Debug|Any CPU
		{1E1EA9A7-B9BB-46EE-8FCC-1838C28FE8AC}.Debug|Any CPU.Build.0 = Debug|Any CPU
		{1E1EA9A7-B9BB-46EE-8FCC-1838C28FE8AC}.Release|Any CPU.ActiveCfg = Release|Any CPU
		{1E1EA9A7-B9BB-46EE-8FCC-1838C28FE8AC}.Release|Any CPU.Build.0 = Release|Any CPU
		{51FBDED6-29A2-49BD-833E-6694D62E8295}.Debug|Any CPU.ActiveCfg = Debug|Any CPU
		{51FBDED6-29A2-49BD-833E-6694D62E8295}.Debug|Any CPU.Build.0 = Debug|Any CPU
		{51FBDED6-29A2-49BD-833E-6694D62E8295}.Release|Any CPU.ActiveCfg = Release|Any CPU
		{51FBDED6-29A2-49BD-833E-6694D62E8295}.Release|Any CPU.Build.0 = Release|Any CPU
		{68AA9B81-33D5-43C6-B611-6A6262F8CBB1}.Debug|Any CPU.ActiveCfg = Debug|Any CPU
		{68AA9B81-33D5-43C6-B611-6A6262F8CBB1}.Debug|Any CPU.Build.0 = Debug|Any CPU
		{68AA9B81-33D5-43C6-B611-6A6262F8CBB1}.Release|Any CPU.ActiveCfg = Release|Any CPU
		{68AA9B81-33D5-43C6-B611-6A6262F8CBB1}.Release|Any CPU.Build.0 = Release|Any CPU
		{6A2732E4-1C31-42DA-80A5-A0E55AC99DF0}.Debug|Any CPU.ActiveCfg = Debug|Any CPU
		{6A2732E4-1C31-42DA-80A5-A0E55AC99DF0}.Debug|Any CPU.Build.0 = Debug|Any CPU
		{6A2732E4-1C31-42DA-80A5-A0E55AC99DF0}.Release|Any CPU.ActiveCfg = Release|Any CPU
		{6A2732E4-1C31-42DA-80A5-A0E55AC99DF0}.Release|Any CPU.Build.0 = Release|Any CPU
	EndGlobalSection
	GlobalSection(SolutionProperties) = preSolution
		HideSolutionNode = FALSE
	EndGlobalSection
	GlobalSection(ExtensibilityGlobals) = postSolution
		SolutionGuid = {FC5C4397-16C1-4545-ACB4-9CE0DD69181B}
	EndGlobalSection
EndGlobal
